
Microsoft Visual Studio Solution File, Format Version 12.00
# Visual Studio Version 17
VisualStudioVersion = 17.14.36518.9 d17.14
MinimumVisualStudioVersion = 10.0.40219.1
Project("{FAE04EC0-301F-11D3-BF4B-00C04F79EFBC}") = "Api", "API\Api.csproj", "{2120E848-17C4-456F-8153-E7C41CCAEEF4}"
EndProject
Project("{FAE04EC0-301F-11D3-BF4B-00C04F79EFBC}") = "Application", "Application\Application.csproj", "{C07939B2-44EE-4BC3-8F31-99B73B8B4913}"
EndProject
Project("{FAE04EC0-301F-11D3-BF4B-00C04F79EFBC}") = "Domain", "Domain\Domain.csproj", "{CBA4FDC0-57CA-4939-B09A-E1C53464773D}"
EndProject
Project("{FAE04EC0-301F-11D3-BF4B-00C04F79EFBC}") = "Infrastructure", "Infrastructure\Infrastructure.csproj", "{5D256460-3239-449A-BBE3-D08B6FB5D9D9}"
EndProject
Project("{2150E333-8FDC-42A3-9474-1A3956D46DE8}") = "Solution Items", "Solution Items", "{8EC462FD-D22E-90A8-E5CE-7E832BA40C5D}"
	ProjectSection(SolutionItems) = preProject
		docker-compose.yml = docker-compose.yml
	EndProjectSection
EndProject
Global
	GlobalSection(SolutionConfigurationPlatforms) = preSolution
		Debug|Any CPU = Debug|Any CPU
		Release|Any CPU = Release|Any CPU
	EndGlobalSection
	GlobalSection(ProjectConfigurationPlatforms) = postSolution
		{2120E848-17C4-456F-8153-E7C41CCAEEF4}.Debug|Any CPU.ActiveCfg = Debug|Any CPU
		{2120E848-17C4-456F-8153-E7C41CCAEEF4}.Debug|Any CPU.Build.0 = Debug|Any CPU
		{2120E848-17C4-456F-8153-E7C41CCAEEF4}.Release|Any CPU.ActiveCfg = Release|Any CPU
		{2120E848-17C4-456F-8153-E7C41CCAEEF4}.Release|Any CPU.Build.0 = Release|Any CPU
		{C07939B2-44EE-4BC3-8F31-99B73B8B4913}.Debug|Any CPU.ActiveCfg = Debug|Any CPU
		{C07939B2-44EE-4BC3-8F31-99B73B8B4913}.Debug|Any CPU.Build.0 = Debug|Any CPU
		{C07939B2-44EE-4BC3-8F31-99B73B8B4913}.Release|Any CPU.ActiveCfg = Release|Any CPU
		{C07939B2-44EE-4BC3-8F31-99B73B8B4913}.Release|Any CPU.Build.0 = Release|Any CPU
		{CBA4FDC0-57CA-4939-B09A-E1C53464773D}.Debug|Any CPU.ActiveCfg = Debug|Any CPU
		{CBA4FDC0-57CA-4939-B09A-E1C53464773D}.Debug|Any CPU.Build.0 = Debug|Any CPU
		{CBA4FDC0-57CA-4939-B09A-E1C53464773D}.Release|Any CPU.ActiveCfg = Release|Any CPU
		{CBA4FDC0-57CA-4939-B09A-E1C53464773D}.Release|Any CPU.Build.0 = Release|Any CPU
		{5D256460-3239-449A-BBE3-D08B6FB5D9D9}.Debug|Any CPU.ActiveCfg = Debug|Any CPU
		{5D256460-3239-449A-BBE3-D08B6FB5D9D9}.Debug|Any CPU.Build.0 = Debug|Any CPU
		{5D256460-3239-449A-BBE3-D08B6FB5D9D9}.Release|Any CPU.ActiveCfg = Release|Any CPU
		{5D256460-3239-449A-BBE3-D08B6FB5D9D9}.Release|Any CPU.Build.0 = Release|Any CPU
	EndGlobalSection
	GlobalSection(SolutionProperties) = preSolution
		HideSolutionNode = FALSE
	EndGlobalSection
	GlobalSection(ExtensibilityGlobals) = postSolution
		SolutionGuid = {9C15DC4B-5241-4EE1-836D-9074BC43DB4C}
	EndGlobalSection
EndGlobal
